# THIS IS AN AUTOGENERATED FILE. DO NOT EDIT THIS FILE DIRECTLY.
# yarn lockfile v1


"@detector-js/core@^0.0.6":
  version "0.0.6"
  resolved "https://registry.npmjs.org/@detector-js/core/-/core-0.0.6.tgz"
  integrity sha512-giNolNd1NVnbaDfGltBPOreONjEh8uMheG6lDSQ8Sg0Bqzdnjie8Fqe+9zZ62pFiFnCPXHqXNQ3S3lGQPN159Q==

"@detector-js/detector@^0.0.7":
  version "0.0.7"
  resolved "https://registry.npmjs.org/@detector-js/detector/-/detector-0.0.7.tgz"
  integrity sha512-tWuQNma1XX7de1e6dXkugT4hqzAXhJOHTq5hJLjFztj4vyboSG7w5iFqOI3J+R8prZ1Jbozjl/fuF6zXABkuRQ==
  dependencies:
    "@detector-js/core" "^0.0.6"
    "@detector-js/feature" "^0.0.6"
    "@detector-js/hardware" "^0.0.6"
    "@detector-js/software" "^0.0.7"

"@detector-js/feature@^0.0.6":
  version "0.0.6"
  resolved "https://registry.npmjs.org/@detector-js/feature/-/feature-0.0.6.tgz"
  integrity sha512-C8VPgncjv8QzOfnz260YDJI0xbMPq5Wh4366gd6qsYO5uaR+WJ6h4jm9HucLXnf0dWp+BHXMletFZnGPtnUfOQ==
  dependencies:
    "@detector-js/core" "^0.0.6"

"@detector-js/hardware@^0.0.6":
  version "0.0.6"
  resolved "https://registry.npmjs.org/@detector-js/hardware/-/hardware-0.0.6.tgz"
  integrity sha512-1z9ihh6pzu2ATrY4Lyhc/dTidtDKiVOpXP0p+YptoB1xtyzvU7CAbKIgxHYzBY8sMR7EHfOigcEK2Gj11iWj8g==
  dependencies:
    "@detector-js/core" "^0.0.6"

"@detector-js/software@^0.0.7":
  version "0.0.7"
  resolved "https://registry.npmjs.org/@detector-js/software/-/software-0.0.7.tgz"
  integrity sha512-eB+L4ZUhQoK7Rg+I6nZm8z2Xx75RmlyYlsS41s3IylKFBpDjOWl/8/cwWcL1P3hijIFdKVi5Rb/yOG73VM40NA==
  dependencies:
    "@detector-js/core" "^0.0.6"

"@esbuild/win32-x64@0.18.20":
  version "0.18.20"
  resolved "https://registry.npmjs.org/@esbuild/win32-x64/-/win32-x64-0.18.20.tgz"
  integrity sha512-kTdfRcSiDfQca/y9QIkng02avJ+NCaQvrMejlsB3RRv5sE9rRoeBPISaZpKxHELzRxZyLvNts1P27W3wV+8geQ==

cannon@^0.6.2:
  version "0.6.2"
  resolved "https://registry.npmjs.org/cannon/-/cannon-0.6.2.tgz"
  integrity sha512-n/7wWSXr8KOSvjad2x0fJHgpMepKjOKi+NdSnjfYyijoDBZnp4JQKgPcpv28jlXoWM+N9zVYU09J0A6Qxx+Y7w==

detect-browser@^5.3.0:
  version "5.3.0"
  resolved "https://registry.npmjs.org/detect-browser/-/detect-browser-5.3.0.tgz"
  integrity sha512-53rsFbGdwMwlF7qvCt0ypLM5V5/Mbl0szB7GPN8y9NCcbknYOeVVXdrXEq+90IwAfrrzt6Hd+u2E2ntakICU8w==

detector-js@^2.0.11:
  version "2.0.11"
  resolved "https://registry.npmjs.org/detector-js/-/detector-js-2.0.11.tgz"
  integrity sha512-tY/C3qIFtKf3srzVNq8M2amTSpObGJJ9m07NCfiuRFaQgLu1zX7gNT320VhJqEQkVHjAVpFHbICMBZshuKU2GQ==
  dependencies:
    "@detector-js/core" "^0.0.6"
    "@detector-js/detector" "^0.0.7"
    "@detector-js/feature" "^0.0.6"
    "@detector-js/hardware" "^0.0.6"
    "@detector-js/software" "^0.0.7"

esbuild@^0.18.10:
  version "0.18.20"
  resolved "https://registry.npmjs.org/esbuild/-/esbuild-0.18.20.tgz"
  integrity sha512-ceqxoedUrcayh7Y7ZX6NdbbDzGROiyVBgC4PriJThBKSVPWnnFHZAkfI1lJT8QFkOwH4qOS2SJkS4wvpGl8BpA==
  optionalDependencies:
    "@esbuild/android-arm" "0.18.20"
    "@esbuild/android-arm64" "0.18.20"
    "@esbuild/android-x64" "0.18.20"
    "@esbuild/darwin-arm64" "0.18.20"
    "@esbuild/darwin-x64" "0.18.20"
    "@esbuild/freebsd-arm64" "0.18.20"
    "@esbuild/freebsd-x64" "0.18.20"
    "@esbuild/linux-arm" "0.18.20"
    "@esbuild/linux-arm64" "0.18.20"
    "@esbuild/linux-ia32" "0.18.20"
    "@esbuild/linux-loong64" "0.18.20"
    "@esbuild/linux-mips64el" "0.18.20"
    "@esbuild/linux-ppc64" "0.18.20"
    "@esbuild/linux-riscv64" "0.18.20"
    "@esbuild/linux-s390x" "0.18.20"
    "@esbuild/linux-x64" "0.18.20"
    "@esbuild/netbsd-x64" "0.18.20"
    "@esbuild/openbsd-x64" "0.18.20"
    "@esbuild/sunos-x64" "0.18.20"
    "@esbuild/win32-arm64" "0.18.20"
    "@esbuild/win32-ia32" "0.18.20"
    "@esbuild/win32-x64" "0.18.20"

nanoid@^3.3.7:
  version "3.3.7"
  resolved "https://registry.npmjs.org/nanoid/-/nanoid-3.3.7.tgz"
  integrity sha512-eSRppjcPIatRIMC1U6UngP8XFcz8MQWGQdt1MTBQ7NaAmvXDfvNxbvWV3x2y6CdEUciCSsDHDQZbhYaB8QEo2g==

picocolors@^1.0.0:
  version "1.0.0"
  resolved "https://registry.npmjs.org/picocolors/-/picocolors-1.0.0.tgz"
  integrity sha512-1fygroTLlHu66zi26VoTDv8yRgm0Fccecssto+MhsZ0D/DGW2sm8E8AjW7NU5VVTRt5GxbeZ5qBuJr+HyLYkjQ==

postcss@^8.4.27:
  version "8.4.35"
  resolved "https://registry.npmjs.org/postcss/-/postcss-8.4.35.tgz"
  integrity sha512-u5U8qYpBCpN13BsiEB0CbR1Hhh4Gc0zLFuedrHJKMctHCHAGrMdG0PRM/KErzAL3CU6/eckEtmHNB3x6e3c0vA==
  dependencies:
    nanoid "^3.3.7"
    picocolors "^1.0.0"
    source-map-js "^1.0.2"

rollup@^3.27.1:
  version "3.29.4"
  resolved "https://registry.npmjs.org/rollup/-/rollup-3.29.4.tgz"
  integrity sha512-oWzmBZwvYrU0iJHtDmhsm662rC15FRXmcjCk1xD771dFDx5jJ02ufAQQTn0etB2emNk4J9EZg/yWKpsn9BWGRw==
  optionalDependencies:
    fsevents "~2.3.2"

source-map-js@^1.0.2:
  version "1.0.2"
  resolved "https://registry.npmjs.org/source-map-js/-/source-map-js-1.0.2.tgz"
  integrity sha512-R0XvVJ9WusLiqTCEiGCmICCMplcCkIwwR11mOSD9CR5u+IXYdiseeEuXCVAjS54zqwkLcPNnmU4OeJ6tUrWhDw==

three@^0.154.0:
  version "0.154.0"
  resolved "https://registry.npmjs.org/three/-/three-0.154.0.tgz"
  integrity sha512-Uzz8C/5GesJzv8i+Y2prEMYUwodwZySPcNhuJUdsVMH2Yn4Nm8qlbQe6qRN5fOhg55XB0WiLfTPBxVHxpE60ug==

vite@^4.3.9:
  version "4.5.2"
  resolved "https://registry.npmjs.org/vite/-/vite-4.5.2.tgz"
  integrity sha512-tBCZBNSBbHQkaGyhGCDUGqeo2ph8Fstyp6FMSvTtsXeZSPpSMGlviAOav2hxVTqFcx8Hj/twtWKsMJXNY0xI8w==
  dependencies:
    esbuild "^0.18.10"
    postcss "^8.4.27"
    rollup "^3.27.1"
  optionalDependencies:
    fsevents "~2.3.2"
